
Microsoft Visual Studio Solution File, Format Version 12.00
# Visual Studio 15
VisualStudioVersion = 15.0.28307.329
MinimumVisualStudioVersion = 10.0.40219.1
Project("{FAE04EC0-301F-11D3-BF4B-00C04F79EFBC}") = "DocumentMergerChallenge", "DocumentMergerChallenge\DocumentMergerChallenge.csproj", "{3473C7E8-139B-4FC1-B096-EBD60B06C3C3}"
EndProject
Global
	GlobalSection(SolutionConfigurationPlatforms) = preSolution
		Debug|Any CPU = Debug|Any CPU
		Release|Any CPU = Release|Any CPU
	EndGlobalSection
	GlobalSection(ProjectConfigurationPlatforms) = postSolution
		{3473C7E8-139B-4FC1-B096-EBD60B06C3C3}.Debug|Any CPU.ActiveCfg = Debug|Any CPU
		{3473C7E8-139B-4FC1-B096-EBD60B06C3C3}.Debug|Any CPU.Build.0 = Debug|Any CPU
		{3473C7E8-139B-4FC1-B096-EBD60B06C3C3}.Release|Any CPU.ActiveCfg = Release|Any CPU
		{3473C7E8-139B-4FC1-B096-EBD60B06C3C3}.Release|Any CPU.Build.0 = Release|Any CPU
	EndGlobalSection
	GlobalSection(SolutionProperties) = preSolution
		HideSolutionNode = FALSE
	EndGlobalSection
	GlobalSection(ExtensibilityGlobals) = postSolution
		SolutionGuid = {8F6C9C77-A1AE-4856-9C2B-970FD2F47023}
	EndGlobalSection
EndGlobal
